// !$*UTF8*$!
{
	archiveVersion = 1;
	classes = {
	};
	objectVersion = 55;
	objects = {

/* Begin PBXBuildFile section */
		0151617BA73BCA8C7484BE89 /* Pods_9_SpotifyLoginSampleApp.framework in Frameworks */ = {isa = PBXBuildFile; fileRef = 1CDAF0676830B834959FE76E /* Pods_9_SpotifyLoginSampleApp.framework */; };
		141CD80A283662D500937A5E /* GoogleService-Info.plist in Resources */ = {isa = PBXBuildFile; fileRef = 141CD809283662D500937A5E /* GoogleService-Info.plist */; };
		1494F61828364FEE000CA16F /* AppDelegate.swift in Sources */ = {isa = PBXBuildFile; fileRef = 1494F61728364FEE000CA16F /* AppDelegate.swift */; };
		1494F61A28364FEE000CA16F /* SceneDelegate.swift in Sources */ = {isa = PBXBuildFile; fileRef = 1494F61928364FEE000CA16F /* SceneDelegate.swift */; };
		1494F61F28364FEE000CA16F /* Main.storyboard in Resources */ = {isa = PBXBuildFile; fileRef = 1494F61D28364FEE000CA16F /* Main.storyboard */; };
		1494F62128364FF0000CA16F /* Assets.xcassets in Resources */ = {isa = PBXBuildFile; fileRef = 1494F62028364FF0000CA16F /* Assets.xcassets */; };
		1494F62428364FF0000CA16F /* LaunchScreen.storyboard in Resources */ = {isa = PBXBuildFile; fileRef = 1494F62228364FF0000CA16F /* LaunchScreen.storyboard */; };
		1494F62C2836501D000CA16F /* LoginViewController.swift in Sources */ = {isa = PBXBuildFile; fileRef = 1494F62B2836501D000CA16F /* LoginViewController.swift */; };
		1494F62E28365657000CA16F /* EnterEmailViewController.swift in Sources */ = {isa = PBXBuildFile; fileRef = 1494F62D28365657000CA16F /* EnterEmailViewController.swift */; };
		14D71EE428365ECB0035FBAD /* MainViewController.swift in Sources */ = {isa = PBXBuildFile; fileRef = 14D71EE328365ECB0035FBAD /* MainViewController.swift */; };
/* End PBXBuildFile section */

/* Begin PBXFileReference section */
		141CD809283662D500937A5E /* GoogleService-Info.plist */ = {isa = PBXFileReference; fileEncoding = 4; lastKnownFileType = text.plist.xml; path = "GoogleService-Info.plist"; sourceTree = "<group>"; };
		1494F61428364FEE000CA16F /* 9.SpotifyLoginSampleApp.app */ = {isa = PBXFileReference; explicitFileType = wrapper.application; includeInIndex = 0; path = 9.SpotifyLoginSampleApp.app; sourceTree = BUILT_PRODUCTS_DIR; };
		1494F61728364FEE000CA16F /* AppDelegate.swift */ = {isa = PBXFileReference; lastKnownFileType = sourcecode.swift; path = AppDelegate.swift; sourceTree = "<group>"; };
		1494F61928364FEE000CA16F /* SceneDelegate.swift */ = {isa = PBXFileReference; lastKnownFileType = sourcecode.swift; path = SceneDelegate.swift; sourceTree = "<group>"; };
		1494F61E28364FEE000CA16F /* Base */ = {isa = PBXFileReference; lastKnownFileType = file.storyboard; name = Base; path = Base.lproj/Main.storyboard; sourceTree = "<group>"; };
		1494F62028364FF0000CA16F /* Assets.xcassets */ = {isa = PBXFileReference; lastKnownFileType = folder.assetcatalog; path = Assets.xcassets; sourceTree = "<group>"; };
		1494F62328364FF0000CA16F /* Base */ = {isa = PBXFileReference; lastKnownFileType = file.storyboard; name = Base; path = Base.lproj/LaunchScreen.storyboard; sourceTree = "<group>"; };
		1494F62528364FF0000CA16F /* Info.plist */ = {isa = PBXFileReference; lastKnownFileType = text.plist.xml; path = Info.plist; sourceTree = "<group>"; };
		1494F62B2836501D000CA16F /* LoginViewController.swift */ = {isa = PBXFileReference; lastKnownFileType = sourcecode.swift; path = LoginViewController.swift; sourceTree = "<group>"; };
		1494F62D28365657000CA16F /* EnterEmailViewController.swift */ = {isa = PBXFileReference; lastKnownFileType = sourcecode.swift; path = EnterEmailViewController.swift; sourceTree = "<group>"; };
		14D71EE328365ECB0035FBAD /* MainViewController.swift */ = {isa = PBXFileReference; lastKnownFileType = sourcecode.swift; path = MainViewController.swift; sourceTree = "<group>"; };
		1CDAF0676830B834959FE76E /* Pods_9_SpotifyLoginSampleApp.framework */ = {isa = PBXFileReference; explicitFileType = wrapper.framework; includeInIndex = 0; path = Pods_9_SpotifyLoginSampleApp.framework; sourceTree = BUILT_PRODUCTS_DIR; };
		505F2C8D8272A68B2BC6A943 /* Pods-9.SpotifyLoginSampleApp.debug.xcconfig */ = {isa = PBXFileReference; includeInIndex = 1; lastKnownFileType = text.xcconfig; name = "Pods-9.SpotifyLoginSampleApp.debug.xcconfig"; path = "Target Support Files/Pods-9.SpotifyLoginSampleApp/Pods-9.SpotifyLoginSampleApp.debug.xcconfig"; sourceTree = "<group>"; };
		BF8442F271C77624581C38BE /* Pods-9.SpotifyLoginSampleApp.release.xcconfig */ = {isa = PBXFileReference; includeInIndex = 1; lastKnownFileType = text.xcconfig; name = "Pods-9.SpotifyLoginSampleApp.release.xcconfig"; path = "Target Support Files/Pods-9.SpotifyLoginSampleApp/Pods-9.SpotifyLoginSampleApp.release.xcconfig"; sourceTree = "<group>"; };
/* End PBXFileReference section */

/* Begin PBXFrameworksBuildPhase section */
		1494F61128364FEE000CA16F /* Frameworks */ = {
			isa = PBXFrameworksBuildPhase;
			buildActionMask = 2147483647;
			files = (
				0151617BA73BCA8C7484BE89 /* Pods_9_SpotifyLoginSampleApp.framework in Frameworks */,
			);
			runOnlyForDeploymentPostprocessing = 0;
		};
/* End PBXFrameworksBuildPhase section */

/* Begin PBXGroup section */
		1494F60B28364FEE000CA16F = {
			isa = PBXGroup;
			children = (
				1494F61628364FEE000CA16F /* 9.SpotifyLoginSampleApp */,
				1494F61528364FEE000CA16F /* Products */,
				BABEFB582CEC2E9CAADA19B1 /* Pods */,
				45899321A2C5978EAB110601 /* Frameworks */,
			);
			sourceTree = "<group>";
		};
		1494F61528364FEE000CA16F /* Products */ = {
			isa = PBXGroup;
			children = (
				1494F61428364FEE000CA16F /* 9.SpotifyLoginSampleApp.app */,
			);
			name = Products;
			sourceTree = "<group>";
		};
		1494F61628364FEE000CA16F /* 9.SpotifyLoginSampleApp */ = {
			isa = PBXGroup;
			children = (
				1494F61728364FEE000CA16F /* AppDelegate.swift */,
				1494F61928364FEE000CA16F /* SceneDelegate.swift */,
				1494F61D28364FEE000CA16F /* Main.storyboard */,
				1494F62B2836501D000CA16F /* LoginViewController.swift */,
				1494F62D28365657000CA16F /* EnterEmailViewController.swift */,
				14D71EE328365ECB0035FBAD /* MainViewController.swift */,
				1494F62028364FF0000CA16F /* Assets.xcassets */,
				1494F62228364FF0000CA16F /* LaunchScreen.storyboard */,
				1494F62528364FF0000CA16F /* Info.plist */,
				141CD809283662D500937A5E /* GoogleService-Info.plist */,
			);
			path = 9.SpotifyLoginSampleApp;
			sourceTree = "<group>";
		};
		45899321A2C5978EAB110601 /* Frameworks */ = {
			isa = PBXGroup;
			children = (
				1CDAF0676830B834959FE76E /* Pods_9_SpotifyLoginSampleApp.framework */,
			);
			name = Frameworks;
			sourceTree = "<group>";
		};
		BABEFB582CEC2E9CAADA19B1 /* Pods */ = {
			isa = PBXGroup;
			children = (
				505F2C8D8272A68B2BC6A943 /* Pods-9.SpotifyLoginSampleApp.debug.xcconfig */,
				BF8442F271C77624581C38BE /* Pods-9.SpotifyLoginSampleApp.release.xcconfig */,
			);
			path = Pods;
			sourceTree = "<group>";
		};
/* End PBXGroup section */

/* Begin PBXNativeTarget section */
		1494F61328364FEE000CA16F /* 9.SpotifyLoginSampleApp */ = {
			isa = PBXNativeTarget;
			buildConfigurationList = 1494F62828364FF0000CA16F /* Build configuration list for PBXNativeTarget "9.SpotifyLoginSampleApp" */;
			buildPhases = (
				90609F516E70E6364B7AAD2B /* [CP] Check Pods Manifest.lock */,
				1494F61028364FEE000CA16F /* Sources */,
				1494F61128364FEE000CA16F /* Frameworks */,
				1494F61228364FEE000CA16F /* Resources */,
				38F0F1CDBF849470FAF33AF9 /* [CP] Embed Pods Frameworks */,
			);
			buildRules = (
			);
			dependencies = (
			);
			name = 9.SpotifyLoginSampleApp;
			productName = 9.SpotifyLoginSampleApp;
			productReference = 1494F61428364FEE000CA16F /* 9.SpotifyLoginSampleApp.app */;
			productType = "com.apple.product-type.application";
		};
/* End PBXNativeTarget section */

/* Begin PBXProject section */
		1494F60C28364FEE000CA16F /* Project object */ = {
			isa = PBXProject;
			attributes = {
				BuildIndependentTargetsInParallel = 1;
				LastSwiftUpdateCheck = 1330;
				LastUpgradeCheck = 1330;
				TargetAttributes = {
					1494F61328364FEE000CA16F = {
						CreatedOnToolsVersion = 13.3;
					};
				};
			};
			buildConfigurationList = 1494F60F28364FEE000CA16F /* Build configuration list for PBXProject "9.SpotifyLoginSampleApp" */;
			compatibilityVersion = "Xcode 13.0";
			developmentRegion = en;
			hasScannedForEncodings = 0;
			knownRegions = (
				en,
				Base,
			);
			mainGroup = 1494F60B28364FEE000CA16F;
			productRefGroup = 1494F61528364FEE000CA16F /* Products */;
			projectDirPath = "";
			projectRoot = "";
			targets = (
				1494F61328364FEE000CA16F /* 9.SpotifyLoginSampleApp */,
			);
		};
/* End PBXProject section */

/* Begin PBXResourcesBuildPhase section */
		1494F61228364FEE000CA16F /* Resources */ = {
			isa = PBXResourcesBuildPhase;
			buildActionMask = 2147483647;
			files = (
				1494F62428364FF0000CA16F /* LaunchScreen.storyboard in Resources */,
				141CD80A283662D500937A5E /* GoogleService-Info.plist in Resources */,
				1494F62128364FF0000CA16F /* Assets.xcassets in Resources */,
				1494F61F28364FEE000CA16F /* Main.storyboard in Resources */,
			);
			runOnlyForDeploymentPostprocessing = 0;
		};
/* End PBXResourcesBuildPhase section */

/* Begin PBXShellScriptBuildPhase section */
		38F0F1CDBF849470FAF33AF9 /* [CP] Embed Pods Frameworks */ = {
			isa = PBXShellScriptBuildPhase;
			buildActionMask = 2147483647;
			files = (
			);
			inputFileListPaths = (
				"${PODS_ROOT}/Target Support Files/Pods-9.SpotifyLoginSampleApp/Pods-9.SpotifyLoginSampleApp-frameworks-${CONFIGURATION}-input-files.xcfilelist",
			);
			name = "[CP] Embed Pods Frameworks";
			outputFileListPaths = (
				"${PODS_ROOT}/Target Support Files/Pods-9.SpotifyLoginSampleApp/Pods-9.SpotifyLoginSampleApp-frameworks-${CONFIGURATION}-output-files.xcfilelist",
			);
			runOnlyForDeploymentPostprocessing = 0;
			shellPath = /bin/sh;
			shellScript = "\"${PODS_ROOT}/Target Support Files/Pods-9.SpotifyLoginSampleApp/Pods-9.SpotifyLoginSampleApp-frameworks.sh\"\n";
			showEnvVarsInLog = 0;
		};
		90609F516E70E6364B7AAD2B /* [CP] Check Pods Manifest.lock */ = {
			isa = PBXShellScriptBuildPhase;
			buildActionMask = 2147483647;
			files = (
			);
			inputFileListPaths = (
			);
			inputPaths = (
				"${PODS_PODFILE_DIR_PATH}/Podfile.lock",
				"${PODS_ROOT}/Manifest.lock",
			);
			name = "[CP] Check Pods Manifest.lock";
			outputFileListPaths = (
			);
			outputPaths = (
				"$(DERIVED_FILE_DIR)/Pods-9.SpotifyLoginSampleApp-checkManifestLockResult.txt",
			);
			runOnlyForDeploymentPostprocessing = 0;
			shellPath = /bin/sh;
			shellScript = "diff \"${PODS_PODFILE_DIR_PATH}/Podfile.lock\" \"${PODS_ROOT}/Manifest.lock\" > /dev/null\nif [ $? != 0 ] ; then\n    # print error to STDERR\n    echo \"error: The sandbox is not in sync with the Podfile.lock. Run 'pod install' or update your CocoaPods installation.\" >&2\n    exit 1\nfi\n# This output is used by Xcode 'outputs' to avoid re-running this script phase.\necho \"SUCCESS\" > \"${SCRIPT_OUTPUT_FILE_0}\"\n";
			showEnvVarsInLog = 0;
		};
/* End PBXShellScriptBuildPhase section */

/* Begin PBXSourcesBuildPhase section */
		1494F61028364FEE000CA16F /* Sources */ = {
			isa = PBXSourcesBuildPhase;
			buildActionMask = 2147483647;
			files = (
				1494F62C2836501D000CA16F /* LoginViewController.swift in Sources */,
				1494F61828364FEE000CA16F /* AppDelegate.swift in Sources */,
				1494F62E28365657000CA16F /* EnterEmailViewController.swift in Sources */,
				1494F61A28364FEE000CA16F /* SceneDelegate.swift in Sources */,
				14D71EE428365ECB0035FBAD /* MainViewController.swift in Sources */,
			);
			runOnlyForDeploymentPostprocessing = 0;
		};
/* End PBXSourcesBuildPhase section */

/* Begin PBXVariantGroup section */
		1494F61D28364FEE000CA16F /* Main.storyboard */ = {
			isa = PBXVariantGroup;
			children = (
				1494F61E28364FEE000CA16F /* Base */,
			);
			name = Main.storyboard;
			sourceTree = "<group>";
		};
		1494F62228364FF0000CA16F /* LaunchScreen.storyboard */ = {
			isa = PBXVariantGroup;
			children = (
				1494F62328364FF0000CA16F /* Base */,
			);
			name = LaunchScreen.storyboard;
			sourceTree = "<group>";
		};
/* End PBXVariantGroup section */

/* Begin XCBuildConfiguration section */
		1494F62628364FF0000CA16F /* Debug */ = {
			isa = XCBuildConfiguration;
			buildSettings = {
				ALWAYS_SEARCH_USER_PATHS = NO;
				CLANG_ANALYZER_NONNULL = YES;
				CLANG_ANALYZER_NUMBER_OBJECT_CONVERSION = YES_AGGRESSIVE;
				CLANG_CXX_LANGUAGE_STANDARD = "gnu++17";
				CLANG_ENABLE_MODULES = YES;
				CLANG_ENABLE_OBJC_ARC = YES;
				CLANG_ENABLE_OBJC_WEAK = YES;
				CLANG_WARN_BLOCK_CAPTURE_AUTORELEASING = YES;
				CLANG_WARN_BOOL_CONVERSION = YES;
				CLANG_WARN_COMMA = YES;
				CLANG_WARN_CONSTANT_CONVERSION = YES;
				CLANG_WARN_DEPRECATED_OBJC_IMPLEMENTATIONS = YES;
				CLANG_WARN_DIRECT_OBJC_ISA_USAGE = YES_ERROR;
				CLANG_WARN_DOCUMENTATION_COMMENTS = YES;
				CLANG_WARN_EMPTY_BODY = YES;
				CLANG_WARN_ENUM_CONVERSION = YES;
				CLANG_WARN_INFINITE_RECURSION = YES;
				CLANG_WARN_INT_CONVERSION = YES;
				CLANG_WARN_NON_LITERAL_NULL_CONVERSION = YES;
				CLANG_WARN_OBJC_IMPLICIT_RETAIN_SELF = YES;
				CLANG_WARN_OBJC_LITERAL_CONVERSION = YES;
				CLANG_WARN_OBJC_ROOT_CLASS = YES_ERROR;
				CLANG_WARN_QUOTED_INCLUDE_IN_FRAMEWORK_HEADER = YES;
				CLANG_WARN_RANGE_LOOP_ANALYSIS = YES;
				CLANG_WARN_STRICT_PROTOTYPES = YES;
				CLANG_WARN_SUSPICIOUS_MOVE = YES;
				CLANG_WARN_UNGUARDED_AVAILABILITY = YES_AGGRESSIVE;
				CLANG_WARN_UNREACHABLE_CODE = YES;
				CLANG_WARN__DUPLICATE_METHOD_MATCH = YES;
				COPY_PHASE_STRIP = NO;
				DEBUG_INFORMATION_FORMAT = dwarf;
				ENABLE_STRICT_OBJC_MSGSEND = YES;
				ENABLE_TESTABILITY = YES;
				GCC_C_LANGUAGE_STANDARD = gnu11;
				GCC_DYNAMIC_NO_PIC = NO;
				GCC_NO_COMMON_BLOCKS = YES;
				GCC_OPTIMIZATION_LEVEL = 0;
				GCC_PREPROCESSOR_DEFINITIONS = (
					"DEBUG=1",
					"$(inherited)",
				);
				GCC_WARN_64_TO_32_BIT_CONVERSION = YES;
				GCC_WARN_ABOUT_RETURN_TYPE = YES_ERROR;
				GCC_WARN_UNDECLARED_SELECTOR = YES;
				GCC_WARN_UNINITIALIZED_AUTOS = YES_AGGRESSIVE;
				GCC_WARN_UNUSED_FUNCTION = YES;
				GCC_WARN_UNUSED_VARIABLE = YES;
				IPHONEOS_DEPLOYMENT_TARGET = 15.4;
				MTL_ENABLE_DEBUG_INFO = INCLUDE_SOURCE;
				MTL_FAST_MATH = YES;
				ONLY_ACTIVE_ARCH = YES;
				SDKROOT = iphoneos;
				SWIFT_ACTIVE_COMPILATION_CONDITIONS = DEBUG;
				SWIFT_OPTIMIZATION_LEVEL = "-Onone";
			};
			name = Debug;
		};
		1494F62728364FF0000CA16F /* Release */ = {
			isa = XCBuildConfiguration;
			buildSettings = {
				ALWAYS_SEARCH_USER_PATHS = NO;
				CLANG_ANALYZER_NONNULL = YES;
				CLANG_ANALYZER_NUMBER_OBJECT_CONVERSION = YES_AGGRESSIVE;
				CLANG_CXX_LANGUAGE_STANDARD = "gnu++17";
				CLANG_ENABLE_MODULES = YES;
				CLANG_ENABLE_OBJC_ARC = YES;
				CLANG_ENABLE_OBJC_WEAK = YES;
				CLANG_WARN_BLOCK_CAPTURE_AUTORELEASING = YES;
				CLANG_WARN_BOOL_CONVERSION = YES;
				CLANG_WARN_COMMA = YES;
				CLANG_WARN_CONSTANT_CONVERSION = YES;
				CLANG_WARN_DEPRECATED_OBJC_IMPLEMENTATIONS = YES;
				CLANG_WARN_DIRECT_OBJC_ISA_USAGE = YES_ERROR;
				CLANG_WARN_DOCUMENTATION_COMMENTS = YES;
				CLANG_WARN_EMPTY_BODY = YES;
				CLANG_WARN_ENUM_CONVERSION = YES;
				CLANG_WARN_INFINITE_RECURSION = YES;
				CLANG_WARN_INT_CONVERSION = YES;
				CLANG_WARN_NON_LITERAL_NULL_CONVERSION = YES;
				CLANG_WARN_OBJC_IMPLICIT_RETAIN_SELF = YES;
				CLANG_WARN_OBJC_LITERAL_CONVERSION = YES;
				CLANG_WARN_OBJC_ROOT_CLASS = YES_ERROR;
				CLANG_WARN_QUOTED_INCLUDE_IN_FRAMEWORK_HEADER = YES;
				CLANG_WARN_RANGE_LOOP_ANALYSIS = YES;
				CLANG_WARN_STRICT_PROTOTYPES = YES;
				CLANG_WARN_SUSPICIOUS_MOVE = YES;
				CLANG_WARN_UNGUARDED_AVAILABILITY = YES_AGGRESSIVE;
				CLANG_WARN_UNREACHABLE_CODE = YES;
				CLANG_WARN__DUPLICATE_METHOD_MATCH = YES;
				COPY_PHASE_STRIP = NO;
				DEBUG_INFORMATION_FORMAT = "dwarf-with-dsym";
				ENABLE_NS_ASSERTIONS = NO;
				ENABLE_STRICT_OBJC_MSGSEND = YES;
				GCC_C_LANGUAGE_STANDARD = gnu11;
				GCC_NO_COMMON_BLOCKS = YES;
				GCC_WARN_64_TO_32_BIT_CONVERSION = YES;
				GCC_WARN_ABOUT_RETURN_TYPE = YES_ERROR;
				GCC_WARN_UNDECLARED_SELECTOR = YES;
				GCC_WARN_UNINITIALIZED_AUTOS = YES_AGGRESSIVE;
				GCC_WARN_UNUSED_FUNCTION = YES;
				GCC_WARN_UNUSED_VARIABLE = YES;
				IPHONEOS_DEPLOYMENT_TARGET = 15.4;
				MTL_ENABLE_DEBUG_INFO = NO;
				MTL_FAST_MATH = YES;
				SDKROOT = iphoneos;
				SWIFT_COMPILATION_MODE = wholemodule;
				SWIFT_OPTIMIZATION_LEVEL = "-O";
				VALIDATE_PRODUCT = YES;
			};
			name = Release;
		};
		1494F62928364FF0000CA16F /* Debug */ = {
			isa = XCBuildConfiguration;
			baseConfigurationReference = 505F2C8D8272A68B2BC6A943 /* Pods-9.SpotifyLoginSampleApp.debug.xcconfig */;
			buildSettings = {
				ASSETCATALOG_COMPILER_APPICON_NAME = AppIcon;
				ASSETCATALOG_COMPILER_GLOBAL_ACCENT_COLOR_NAME = AccentColor;
				CODE_SIGN_STYLE = Automatic;
				CURRENT_PROJECT_VERSION = 1;
				DEVELOPMENT_TEAM = 84F5W52ST4;
				GENERATE_INFOPLIST_FILE = YES;
				INFOPLIST_FILE = 9.SpotifyLoginSampleApp/Info.plist;
				INFOPLIST_KEY_UIApplicationSupportsIndirectInputEvents = YES;
				INFOPLIST_KEY_UILaunchStoryboardName = LaunchScreen;
				INFOPLIST_KEY_UIMainStoryboardFile = Main;
				INFOPLIST_KEY_UISupportedInterfaceOrientations_iPad = "UIInterfaceOrientationPortrait UIInterfaceOrientationPortraitUpsideDown UIInterfaceOrientationLandscapeLeft UIInterfaceOrientationLandscapeRight";
				INFOPLIST_KEY_UISupportedInterfaceOrientations_iPhone = "UIInterfaceOrientationPortrait UIInterfaceOrientationLandscapeLeft UIInterfaceOrientationLandscapeRight";
				LD_RUNPATH_SEARCH_PATHS = (
					"$(inherited)",
					"@executable_path/Frameworks",
				);
				MARKETING_VERSION = 1.0;
				PRODUCT_BUNDLE_IDENTIFIER = "jp.co.info.ais.--SpotifyLoginSampleApp";
				PRODUCT_NAME = "$(TARGET_NAME)";
				SWIFT_EMIT_LOC_STRINGS = YES;
				SWIFT_VERSION = 5.0;
				TARGETED_DEVICE_FAMILY = "1,2";
			};
			name = Debug;
		};
		1494F62A28364FF0000CA16F /* Release */ = {
			isa = XCBuildConfiguration;
			baseConfigurationReference = BF8442F271C77624581C38BE /* Pods-9.SpotifyLoginSampleApp.release.xcconfig */;
			buildSettings = {
				ASSETCATALOG_COMPILER_APPICON_NAME = AppIcon;
				ASSETCATALOG_COMPILER_GLOBAL_ACCENT_COLOR_NAME = AccentColor;
				CODE_SIGN_STYLE = Automatic;
				CURRENT_PROJECT_VERSION = 1;
				DEVELOPMENT_TEAM = 84F5W52ST4;
				GENERATE_INFOPLIST_FILE = YES;
				INFOPLIST_FILE = 9.SpotifyLoginSampleApp/Info.plist;
				INFOPLIST_KEY_UIApplicationSupportsIndirectInputEvents = YES;
				INFOPLIST_KEY_UILaunchStoryboardName = LaunchScreen;
				INFOPLIST_KEY_UIMainStoryboardFile = Main;
				INFOPLIST_KEY_UISupportedInterfaceOrientations_iPad = "UIInterfaceOrientationPortrait UIInterfaceOrientationPortraitUpsideDown UIInterfaceOrientationLandscapeLeft UIInterfaceOrientationLandscapeRight";
				INFOPLIST_KEY_UISupportedInterfaceOrientations_iPhone = "UIInterfaceOrientationPortrait UIInterfaceOrientationLandscapeLeft UIInterfaceOrientationLandscapeRight";
				LD_RUNPATH_SEARCH_PATHS = (
					"$(inherited)",
					"@executable_path/Frameworks",
				);
				MARKETING_VERSION = 1.0;
				PRODUCT_BUNDLE_IDENTIFIER = "jp.co.info.ais.--SpotifyLoginSampleApp";
				PRODUCT_NAME = "$(TARGET_NAME)";
				SWIFT_EMIT_LOC_STRINGS = YES;
				SWIFT_VERSION = 5.0;
				TARGETED_DEVICE_FAMILY = "1,2";
			};
			name = Release;
		};
/* End XCBuildConfiguration section */

/* Begin XCConfigurationList section */
		1494F60F28364FEE000CA16F /* Build configuration list for PBXProject "9.SpotifyLoginSampleApp" */ = {
			isa = XCConfigurationList;
			buildConfigurations = (
				1494F62628364FF0000CA16F /* Debug */,
				1494F62728364FF0000CA16F /* Release */,
			);
			defaultConfigurationIsVisible = 0;
			defaultConfigurationName = Release;
		};
		1494F62828364FF0000CA16F /* Build configuration list for PBXNativeTarget "9.SpotifyLoginSampleApp" */ = {
			isa = XCConfigurationList;
			buildConfigurations = (
				1494F62928364FF0000CA16F /* Debug */,
				1494F62A28364FF0000CA16F /* Release */,
			);
			defaultConfigurationIsVisible = 0;
			defaultConfigurationName = Release;
		};
/* End XCConfigurationList section */
	};
	rootObject = 1494F60C28364FEE000CA16F /* Project object */;
}
